// !$*UTF8*$!
{
	archiveVersion = 1;
	classes = {
	};
	objectVersion = 46;
	objects = {

/* Begin PBXBuildFile section */
		B87702901B76ED0100E1C89B /* AppDelegate.swift in Sources */ = {isa = PBXBuildFile; fileRef = B877028F1B76ED0100E1C89B /* AppDelegate.swift */; };
		B87702921B76ED0100E1C89B /* ViewController.swift in Sources */ = {isa = PBXBuildFile; fileRef = B87702911B76ED0100E1C89B /* ViewController.swift */; };
		B87702951B76ED0100E1C89B /* Main.storyboard in Resources */ = {isa = PBXBuildFile; fileRef = B87702931B76ED0100E1C89B /* Main.storyboard */; };
		B87702971B76ED0100E1C89B /* Images.xcassets in Resources */ = {isa = PBXBuildFile; fileRef = B87702961B76ED0100E1C89B /* Images.xcassets */; };
		B877029A1B76ED0100E1C89B /* LaunchScreen.xib in Resources */ = {isa = PBXBuildFile; fileRef = B87702981B76ED0100E1C89B /* LaunchScreen.xib */; };
		B87702A61B76ED0100E1C89B /* Kaival_YouthTests.swift in Sources */ = {isa = PBXBuildFile; fileRef = B87702A51B76ED0100E1C89B /* Kaival_YouthTests.swift */; };
/* End PBXBuildFile section */

/* Begin PBXContainerItemProxy section */
		B87702A01B76ED0100E1C89B /* PBXContainerItemProxy */ = {
			isa = PBXContainerItemProxy;
			containerPortal = B87702821B76ED0100E1C89B /* Project object */;
			proxyType = 1;
			remoteGlobalIDString = B87702891B76ED0100E1C89B;
			remoteInfo = "Kaival Youth";
		};
/* End PBXContainerItemProxy section */

/* Begin PBXFileReference section */
		B877028A1B76ED0100E1C89B /* Kaival Youth.app */ = {isa = PBXFileReference; explicitFileType = wrapper.application; includeInIndex = 0; path = "Kaival Youth.app"; sourceTree = BUILT_PRODUCTS_DIR; };
		B877028E1B76ED0100E1C89B /* Info.plist */ = {isa = PBXFileReference; lastKnownFileType = text.plist.xml; path = Info.plist; sourceTree = "<group>"; };
		B877028F1B76ED0100E1C89B /* AppDelegate.swift */ = {isa = PBXFileReference; lastKnownFileType = sourcecode.swift; path = AppDelegate.swift; sourceTree = "<group>"; };
		B87702911B76ED0100E1C89B /* ViewController.swift */ = {isa = PBXFileReference; lastKnownFileType = sourcecode.swift; path = ViewController.swift; sourceTree = "<group>"; };
		B87702941B76ED0100E1C89B /* Base */ = {isa = PBXFileReference; lastKnownFileType = file.storyboard; name = Base; path = Base.lproj/Main.storyboard; sourceTree = "<group>"; };
		B87702961B76ED0100E1C89B /* Images.xcassets */ = {isa = PBXFileReference; lastKnownFileType = folder.assetcatalog; path = Images.xcassets; sourceTree = "<group>"; };
		B87702991B76ED0100E1C89B /* Base */ = {isa = PBXFileReference; lastKnownFileType = file.xib; name = Base; path = Base.lproj/LaunchScreen.xib; sourceTree = "<group>"; };
		B877029F1B76ED0100E1C89B /* Kaival YouthTests.xctest */ = {isa = PBXFileReference; explicitFileType = wrapper.cfbundle; includeInIndex = 0; path = "Kaival YouthTests.xctest"; sourceTree = BUILT_PRODUCTS_DIR; };
		B87702A41B76ED0100E1C89B /* Info.plist */ = {isa = PBXFileReference; lastKnownFileType = text.plist.xml; path = Info.plist; sourceTree = "<group>"; };
		B87702A51B76ED0100E1C89B /* Kaival_YouthTests.swift */ = {isa = PBXFileReference; lastKnownFileType = sourcecode.swift; path = Kaival_YouthTests.swift; sourceTree = "<group>"; };
/* End PBXFileReference section */

/* Begin PBXFrameworksBuildPhase section */
		B87702871B76ED0100E1C89B /* Frameworks */ = {
			isa = PBXFrameworksBuildPhase;
			buildActionMask = 2147483647;
			files = (
			);
			runOnlyForDeploymentPostprocessing = 0;
		};
		B877029C1B76ED0100E1C89B /* Frameworks */ = {
			isa = PBXFrameworksBuildPhase;
			buildActionMask = 2147483647;
			files = (
			);
			runOnlyForDeploymentPostprocessing = 0;
		};
/* End PBXFrameworksBuildPhase section */

/* Begin PBXGroup section */
		B87702811B76ED0100E1C89B = {
			isa = PBXGroup;
			children = (
				B877028C1B76ED0100E1C89B /* Kaival Youth */,
				B87702A21B76ED0100E1C89B /* Kaival YouthTests */,
				B877028B1B76ED0100E1C89B /* Products */,
			);
			sourceTree = "<group>";
		};
		B877028B1B76ED0100E1C89B /* Products */ = {
			isa = PBXGroup;
			children = (
				B877028A1B76ED0100E1C89B /* Kaival Youth.app */,
				B877029F1B76ED0100E1C89B /* Kaival YouthTests.xctest */,
			);
			name = Products;
			sourceTree = "<group>";
		};
		B877028C1B76ED0100E1C89B /* Kaival Youth */ = {
			isa = PBXGroup;
			children = (
				B877028F1B76ED0100E1C89B /* AppDelegate.swift */,
				B87702911B76ED0100E1C89B /* ViewController.swift */,
				B87702931B76ED0100E1C89B /* Main.storyboard */,
				B87702961B76ED0100E1C89B /* Images.xcassets */,
				B87702981B76ED0100E1C89B /* LaunchScreen.xib */,
				B877028D1B76ED0100E1C89B /* Supporting Files */,
			);
			path = "Kaival Youth";
			sourceTree = "<group>";
		};
		B877028D1B76ED0100E1C89B /* Supporting Files */ = {
			isa = PBXGroup;
			children = (
				B877028E1B76ED0100E1C89B /* Info.plist */,
			);
			name = "Supporting Files";
			sourceTree = "<group>";
		};
		B87702A21B76ED0100E1C89B /* Kaival YouthTests */ = {
			isa = PBXGroup;
			children = (
				B87702A51B76ED0100E1C89B /* Kaival_YouthTests.swift */,
				B87702A31B76ED0100E1C89B /* Supporting Files */,
			);
			path = "Kaival YouthTests";
			sourceTree = "<group>";
		};
		B87702A31B76ED0100E1C89B /* Supporting Files */ = {
			isa = PBXGroup;
			children = (
				B87702A41B76ED0100E1C89B /* Info.plist */,
			);
			name = "Supporting Files";
			sourceTree = "<group>";
		};
/* End PBXGroup section */

/* Begin PBXNativeTarget section */
		B87702891B76ED0100E1C89B /* Kaival Youth */ = {
			isa = PBXNativeTarget;
			buildConfigurationList = B87702A91B76ED0100E1C89B /* Build configuration list for PBXNativeTarget "Kaival Youth" */;
			buildPhases = (
				B87702861B76ED0100E1C89B /* Sources */,
				B87702871B76ED0100E1C89B /* Frameworks */,
				B87702881B76ED0100E1C89B /* Resources */,
			);
			buildRules = (
			);
			dependencies = (
			);
			name = "Kaival Youth";
			productName = "Kaival Youth";
			productReference = B877028A1B76ED0100E1C89B /* Kaival Youth.app */;
			productType = "com.apple.product-type.application";
		};
		B877029E1B76ED0100E1C89B /* Kaival YouthTests */ = {
			isa = PBXNativeTarget;
			buildConfigurationList = B87702AC1B76ED0100E1C89B /* Build configuration list for PBXNativeTarget "Kaival YouthTests" */;
			buildPhases = (
				B877029B1B76ED0100E1C89B /* Sources */,
				B877029C1B76ED0100E1C89B /* Frameworks */,
				B877029D1B76ED0100E1C89B /* Resources */,
			);
			buildRules = (
			);
			dependencies = (
				B87702A11B76ED0100E1C89B /* PBXTargetDependency */,
			);
			name = "Kaival YouthTests";
			productName = "Kaival YouthTests";
			productReference = B877029F1B76ED0100E1C89B /* Kaival YouthTests.xctest */;
			productType = "com.apple.product-type.bundle.unit-test";
		};
/* End PBXNativeTarget section */

/* Begin PBXProject section */
		B87702821B76ED0100E1C89B /* Project object */ = {
			isa = PBXProject;
			attributes = {
				LastUpgradeCheck = 0640;
				ORGANIZATIONNAME = "Janki Patel";
				TargetAttributes = {
					B87702891B76ED0100E1C89B = {
						CreatedOnToolsVersion = 6.4;
					};
					B877029E1B76ED0100E1C89B = {
						CreatedOnToolsVersion = 6.4;
						TestTargetID = B87702891B76ED0100E1C89B;
					};
				};
			};
			buildConfigurationList = B87702851B76ED0100E1C89B /* Build configuration list for PBXProject "Kaival Youth" */;
			compatibilityVersion = "Xcode 3.2";
			developmentRegion = English;
			hasScannedForEncodings = 0;
			knownRegions = (
				en,
				Base,
			);
			mainGroup = B87702811B76ED0100E1C89B;
			productRefGroup = B877028B1B76ED0100E1C89B /* Products */;
			projectDirPath = "";
			projectRoot = "";
			targets = (
				B87702891B76ED0100E1C89B /* Kaival Youth */,
				B877029E1B76ED0100E1C89B /* Kaival YouthTests */,
			);
		};
/* End PBXProject section */

/* Begin PBXResourcesBuildPhase section */
		B87702881B76ED0100E1C89B /* Resources */ = {
			isa = PBXResourcesBuildPhase;
			buildActionMask = 2147483647;
			files = (
				B87702951B76ED0100E1C89B /* Main.storyboard in Resources */,
				B877029A1B76ED0100E1C89B /* LaunchScreen.xib in Resources */,
				B87702971B76ED0100E1C89B /* Images.xcassets in Resources */,
			);
			runOnlyForDeploymentPostprocessing = 0;
		};
		B877029D1B76ED0100E1C89B /* Resources */ = {
			isa = PBXResourcesBuildPhase;
			buildActionMask = 2147483647;
			files = (
			);
			runOnlyForDeploymentPostprocessing = 0;
		};
/* End PBXResourcesBuildPhase section */

/* Begin PBXSourcesBuildPhase section */
		B87702861B76ED0100E1C89B /* Sources */ = {
			isa = PBXSourcesBuildPhase;
			buildActionMask = 2147483647;
			files = (
				B87702921B76ED0100E1C89B /* ViewController.swift in Sources */,
				B87702901B76ED0100E1C89B /* AppDelegate.swift in Sources */,
			);
			runOnlyForDeploymentPostprocessing = 0;
		};
		B877029B1B76ED0100E1C89B /* Sources */ = {
			isa = PBXSourcesBuildPhase;
			buildActionMask = 2147483647;
			files = (
				B87702A61B76ED0100E1C89B /* Kaival_YouthTests.swift in Sources */,
			);
			runOnlyForDeploymentPostprocessing = 0;
		};
/* End PBXSourcesBuildPhase section */

/* Begin PBXTargetDependency section */
		B87702A11B76ED0100E1C89B /* PBXTargetDependency */ = {
			isa = PBXTargetDependency;
			target = B87702891B76ED0100E1C89B /* Kaival Youth */;
			targetProxy = B87702A01B76ED0100E1C89B /* PBXContainerItemProxy */;
		};
/* End PBXTargetDependency section */

/* Begin PBXVariantGroup section */
		B87702931B76ED0100E1C89B /* Main.storyboard */ = {
			isa = PBXVariantGroup;
			children = (
				B87702941B76ED0100E1C89B /* Base */,
			);
			name = Main.storyboard;
			sourceTree = "<group>";
		};
		B87702981B76ED0100E1C89B /* LaunchScreen.xib */ = {
			isa = PBXVariantGroup;
			children = (
				B87702991B76ED0100E1C89B /* Base */,
			);
			name = LaunchScreen.xib;
			sourceTree = "<group>";
		};
/* End PBXVariantGroup section */

/* Begin XCBuildConfiguration section */
		B87702A71B76ED0100E1C89B /* Debug */ = {
			isa = XCBuildConfiguration;
			buildSettings = {
				ALWAYS_SEARCH_USER_PATHS = NO;
				CLANG_CXX_LANGUAGE_STANDARD = "gnu++0x";
				CLANG_CXX_LIBRARY = "libc++";
				CLANG_ENABLE_MODULES = YES;
				CLANG_ENABLE_OBJC_ARC = YES;
				CLANG_WARN_BOOL_CONVERSION = YES;
				CLANG_WARN_CONSTANT_CONVERSION = YES;
				CLANG_WARN_DIRECT_OBJC_ISA_USAGE = YES_ERROR;
				CLANG_WARN_EMPTY_BODY = YES;
				CLANG_WARN_ENUM_CONVERSION = YES;
				CLANG_WARN_INT_CONVERSION = YES;
				CLANG_WARN_OBJC_ROOT_CLASS = YES_ERROR;
				CLANG_WARN_UNREACHABLE_CODE = YES;
				CLANG_WARN__DUPLICATE_METHOD_MATCH = YES;
				"CODE_SIGN_IDENTITY[sdk=iphoneos*]" = "iPhone Developer";
				COPY_PHASE_STRIP = NO;
				DEBUG_INFORMATION_FORMAT = "dwarf-with-dsym";
				ENABLE_STRICT_OBJC_MSGSEND = YES;
				GCC_C_LANGUAGE_STANDARD = gnu99;
				GCC_DYNAMIC_NO_PIC = NO;
				GCC_NO_COMMON_BLOCKS = YES;
				GCC_OPTIMIZATION_LEVEL = 0;
				GCC_PREPROCESSOR_DEFINITIONS = (
					"DEBUG=1",
					"$(inherited)",
				);
				GCC_SYMBOLS_PRIVATE_EXTERN = NO;
				GCC_WARN_64_TO_32_BIT_CONVERSION = YES;
				GCC_WARN_ABOUT_RETURN_TYPE = YES_ERROR;
				GCC_WARN_UNDECLARED_SELECTOR = YES;
				GCC_WARN_UNINITIALIZED_AUTOS = YES_AGGRESSIVE;
				GCC_WARN_UNUSED_FUNCTION = YES;
				GCC_WARN_UNUSED_VARIABLE = YES;
				IPHONEOS_DEPLOYMENT_TARGET = 8.4;
				MTL_ENABLE_DEBUG_INFO = YES;
				ONLY_ACTIVE_ARCH = YES;
				SDKROOT = iphoneos;
				SWIFT_OPTIMIZATION_LEVEL = "-Onone";
				TARGETED_DEVICE_FAMILY = "1,2";
			};
			name = Debug;
		};
		B87702A81B76ED0100E1C89B /* Release */ = {
			isa = XCBuildConfiguration;
			buildSettings = {
				ALWAYS_SEARCH_USER_PATHS = NO;
				CLANG_CXX_LANGUAGE_STANDARD = "gnu++0x";
				CLANG_CXX_LIBRARY = "libc++";
				CLANG_ENABLE_MODULES = YES;
				CLANG_ENABLE_OBJC_ARC = YES;
				CLANG_WARN_BOOL_CONVERSION = YES;
				CLANG_WARN_CONSTANT_CONVERSION = YES;
				CLANG_WARN_DIRECT_OBJC_ISA_USAGE = YES_ERROR;
				CLANG_WARN_EMPTY_BODY = YES;
				CLANG_WARN_ENUM_CONVERSION = YES;
				CLANG_WARN_INT_CONVERSION = YES;
				CLANG_WARN_OBJC_ROOT_CLASS = YES_ERROR;
				CLANG_WARN_UNREACHABLE_CODE = YES;
				CLANG_WARN__DUPLICATE_METHOD_MATCH = YES;
				"CODE_SIGN_IDENTITY[sdk=iphoneos*]" = "iPhone Developer";
				COPY_PHASE_STRIP = NO;
				DEBUG_INFORMATION_FORMAT = "dwarf-with-dsym";
				ENABLE_NS_ASSERTIONS = NO;
				ENABLE_STRICT_OBJC_MSGSEND = YES;
				GCC_C_LANGUAGE_STANDARD = gnu99;
				GCC_NO_COMMON_BLOCKS = YES;
				GCC_WARN_64_TO_32_BIT_CONVERSION = YES;
				GCC_WARN_ABOUT_RETURN_TYPE = YES_ERROR;
				GCC_WARN_UNDECLARED_SELECTOR = YES;
				GCC_WARN_UNINITIALIZED_AUTOS = YES_AGGRESSIVE;
				GCC_WARN_UNUSED_FUNCTION = YES;
				GCC_WARN_UNUSED_VARIABLE = YES;
				IPHONEOS_DEPLOYMENT_TARGET = 8.4;
				MTL_ENABLE_DEBUG_INFO = NO;
				SDKROOT = iphoneos;
				TARGETED_DEVICE_FAMILY = "1,2";
				VALIDATE_PRODUCT = YES;
			};
			name = Release;
		};
		B87702AA1B76ED0100E1C89B /* Debug */ = {
			isa = XCBuildConfiguration;
			buildSettings = {
				ASSETCATALOG_COMPILER_APPICON_NAME = AppIcon;
				INFOPLIST_FILE = "Kaival Youth/Info.plist";
				LD_RUNPATH_SEARCH_PATHS = "$(inherited) @executable_path/Frameworks";
				PRODUCT_NAME = "$(TARGET_NAME)";
			};
			name = Debug;
		};
		B87702AB1B76ED0100E1C89B /* Release */ = {
			isa = XCBuildConfiguration;
			buildSettings = {
				ASSETCATALOG_COMPILER_APPICON_NAME = AppIcon;
				INFOPLIST_FILE = "Kaival Youth/Info.plist";
				LD_RUNPATH_SEARCH_PATHS = "$(inherited) @executable_path/Frameworks";
				PRODUCT_NAME = "$(TARGET_NAME)";
			};
			name = Release;
		};
		B87702AD1B76ED0100E1C89B /* Debug */ = {
			isa = XCBuildConfiguration;
			buildSettings = {
				BUNDLE_LOADER = "$(TEST_HOST)";
				FRAMEWORK_SEARCH_PATHS = (
					"$(SDKROOT)/Developer/Library/Frameworks",
					"$(inherited)",
				);
				GCC_PREPROCESSOR_DEFINITIONS = (
					"DEBUG=1",
					"$(inherited)",
				);
				INFOPLIST_FILE = "Kaival YouthTests/Info.plist";
				LD_RUNPATH_SEARCH_PATHS = "$(inherited) @executable_path/Frameworks @loader_path/Frameworks";
				PRODUCT_NAME = "$(TARGET_NAME)";
				TEST_HOST = "$(BUILT_PRODUCTS_DIR)/Kaival Youth.app/Kaival Youth";
			};
			name = Debug;
		};
		B87702AE1B76ED0100E1C89B /* Release */ = {
			isa = XCBuildConfiguration;
			buildSettings = {
				BUNDLE_LOADER = "$(TEST_HOST)";
				FRAMEWORK_SEARCH_PATHS = (
					"$(SDKROOT)/Developer/Library/Frameworks",
					"$(inherited)",
				);
				INFOPLIST_FILE = "Kaival YouthTests/Info.plist";
				LD_RUNPATH_SEARCH_PATHS = "$(inherited) @executable_path/Frameworks @loader_path/Frameworks";
				PRODUCT_NAME = "$(TARGET_NAME)";
				TEST_HOST = "$(BUILT_PRODUCTS_DIR)/Kaival Youth.app/Kaival Youth";
			};
			name = Release;
		};
/* End XCBuildConfiguration section */

/* Begin XCConfigurationList section */
		B87702851B76ED0100E1C89B /* Build configuration list for PBXProject "Kaival Youth" */ = {
			isa = XCConfigurationList;
			buildConfigurations = (
				B87702A71B76ED0100E1C89B /* Debug */,
				B87702A81B76ED0100E1C89B /* Release */,
			);
			defaultConfigurationIsVisible = 0;
			defaultConfigurationName = Release;
		};
		B87702A91B76ED0100E1C89B /* Build configuration list for PBXNativeTarget "Kaival Youth" */ = {
			isa = XCConfigurationList;
			buildConfigurations = (
				B87702AA1B76ED0100E1C89B /* Debug */,
				B87702AB1B76ED0100E1C89B /* Release */,
			);
			defaultConfigurationIsVisible = 0;
		};
		B87702AC1B76ED0100E1C89B /* Build configuration list for PBXNativeTarget "Kaival YouthTests" */ = {
			isa = XCConfigurationList;
			buildConfigurations = (
				B87702AD1B76ED0100E1C89B /* Debug */,
				B87702AE1B76ED0100E1C89B /* Release */,
			);
			defaultConfigurationIsVisible = 0;
		};
/* End XCConfigurationList section */
	};
	rootObject = B87702821B76ED0100E1C89B /* Project object */;
}
